# This file is generated by running "yarn install" inside your project.
# Manual changes might be lost - proceed with caution!

__metadata:
  version: 8
  cacheKey: 10c0

"@benjie/tsconfig@npm:^22.0.3":
  version: 22.0.3
  resolution: "@benjie/tsconfig@npm:22.0.3"
  checksum: 10c0/786228da7b318247a43afde933287f7af5a17c8baab2c6b624ddd1bce174a4c877da34d8a5bee33dadf5f1ca4d6bd4bc9fd53518e0647cf8cc12b7340f830caa
  languageName: node
  linkType: hard

"@dataplan/json@npm:^0.0.1-beta.33":
  version: 0.0.1-beta.33
  resolution: "@dataplan/json@npm:0.0.1-beta.33"
  dependencies:
    chalk: "npm:^4.1.2"
    tslib: "npm:^2.8.1"
  peerDependencies:
    grafast: ^0.1.1-beta.25
  checksum: 10c0/8f657ec71a50f6b54dfc6a944da6778b0c3754627446a8210067d717999ca8db18e4bf97f1f0d5942d03c03c6d6058cfba45206691ed792b4109045823e39b3b
  languageName: node
  linkType: hard

"@dataplan/pg@npm:0.0.1-beta.39":
  version: 0.0.1-beta.39
  resolution: "@dataplan/pg@npm:0.0.1-beta.39"
  dependencies:
    "@dataplan/json": "npm:^0.0.1-beta.33"
    "@graphile/lru": "npm:^5.0.0-beta.4"
    "@types/node": "npm:^22.16.3"
    chalk: "npm:^4.1.2"
    debug: "npm:^4.4.1"
    eventemitter3: "npm:^5.0.1"
    grafast: "npm:^0.1.1-beta.27"
    pg-sql2: "npm:^5.0.0-beta.9"
    postgres-array: "npm:~3.0.4"
    postgres-range: "npm:^1.1.4"
    tslib: "npm:^2.8.1"
  peerDependencies:
    "@dataplan/json": ^0.0.1-beta.33
    grafast: ^0.1.1-beta.27
    graphile-config: ^0.0.1-beta.18
    graphql: ^16.9.0
    pg: ^8.7.1
    pg-sql2: ^5.0.0-beta.9
  peerDependenciesMeta:
    pg:
      optional: true
  checksum: 10c0/61e8cc9264705d4a12cd7db7f4bda52e1d398dbedb20195467874dd004390c95fedf8ae2a50a06b71d707657672a47de31a359f9f5f678ca6272e5d6aa8e3284
  languageName: node
  linkType: hard

"@emotion/is-prop-valid@npm:^1.3.1":
  version: 1.3.1
  resolution: "@emotion/is-prop-valid@npm:1.3.1"
  dependencies:
    "@emotion/memoize": "npm:^0.9.0"
  checksum: 10c0/123215540c816ff510737ec68dcc499c53ea4deb0bb6c2c27c03ed21046e2e69f6ad07a7a174d271c6cfcbcc9ea44e1763e0cf3875c92192f7689216174803cd
  languageName: node
  linkType: hard

"@emotion/memoize@npm:^0.9.0":
  version: 0.9.0
  resolution: "@emotion/memoize@npm:0.9.0"
  checksum: 10c0/13f474a9201c7f88b543e6ea42f55c04fb2fdc05e6c5a3108aced2f7e7aa7eda7794c56bba02985a46d8aaa914fcdde238727a98341a96e2aec750d372dadd15
  languageName: node
  linkType: hard

"@graphile/lru@npm:^5.0.0-beta.4":
  version: 5.0.0-beta.4
  resolution: "@graphile/lru@npm:5.0.0-beta.4"
  dependencies:
    tslib: "npm:^2.8.1"
  checksum: 10c0/92990e326d246020eca6b12b87904c6eb3a2c9799052200aa65fd91e144f0404547850d9df5de3069a94aaba0d0c1120ad14844257eb0d3129555de8b1b36e9c
  languageName: node
  linkType: hard

"@graphile/pg-aggregates@npm:0.2.0-beta.8":
  version: 0.2.0-beta.8
  resolution: "@graphile/pg-aggregates@npm:0.2.0-beta.8"
  peerDependencies:
    graphile-build: ^5.0.0-beta.33
    graphile-build-pg: ^5.0.0-beta.38
    graphql: ^16.1.0-experimental-stream-defer.6
  peerDependenciesMeta:
    graphile-build:
      optional: true
    graphile-build-pg:
      optional: true
    graphql:
      optional: true
  checksum: 10c0/c120518c5d3b084225e3698bc46f1ba843da294b56351de4b1aea4ce6ee625bc3601a8497b52f08af47cb619885659b31a42219feca1a52b419b4572681009aa
  languageName: node
  linkType: hard

"@localrepo/app@workspace:.":
  version: 0.0.0-use.local
  resolution: "@localrepo/app@workspace:."
  dependencies:
    "@benjie/tsconfig": "npm:^22.0.3"
    "@graphile/pg-aggregates": "npm:0.2.0-beta.8"
    "@types/express": "npm:^4.17.17"
    postgraphile: "npm:5.0.0-beta.49"
    postgraphile-plugin-connection-filter: "npm:3.0.0-beta.8"
    prettier: "npm:^2.8.2"
    typescript: "npm:^5.8.3"
  languageName: unknown
  linkType: soft

"@tsconfig/node20@npm:^20.1.4":
  version: 20.1.6
  resolution: "@tsconfig/node20@npm:20.1.6"
  checksum: 10c0/736bca8c405222e78f77da068bf705b398e3afb3f2ec3c1d2a8792505283863bef8cca5646358fcbabd3b07c6fbbf0b1acdf09aa182254fe60eb519827737f09
  languageName: node
  linkType: hard

"@types/body-parser@npm:*":
  version: 1.19.6
  resolution: "@types/body-parser@npm:1.19.6"
  dependencies:
    "@types/connect": "npm:*"
    "@types/node": "npm:*"
  checksum: 10c0/542da05c924dce58ee23f50a8b981fee36921850c82222e384931fda3e106f750f7880c47be665217d72dbe445129049db6eb1f44e7a06b09d62af8f3cca8ea7
  languageName: node
  linkType: hard

"@types/connect@npm:*":
  version: 3.4.38
  resolution: "@types/connect@npm:3.4.38"
  dependencies:
    "@types/node": "npm:*"
  checksum: 10c0/2e1cdba2c410f25649e77856505cd60223250fa12dff7a503e492208dbfdd25f62859918f28aba95315251fd1f5e1ffbfca1e25e73037189ab85dd3f8d0a148c
  languageName: node
  linkType: hard

"@types/express-serve-static-core@npm:^4.17.33":
  version: 4.19.6
  resolution: "@types/express-serve-static-core@npm:4.19.6"
  dependencies:
    "@types/node": "npm:*"
    "@types/qs": "npm:*"
    "@types/range-parser": "npm:*"
    "@types/send": "npm:*"
  checksum: 10c0/4281f4ead71723f376b3ddf64868ae26244d434d9906c101cf8d436d4b5c779d01bd046e4ea0ed1a394d3e402216fabfa22b1fa4dba501061cd7c81c54045983
  languageName: node
  linkType: hard

"@types/express@npm:^4.17.17":
  version: 4.17.23
  resolution: "@types/express@npm:4.17.23"
  dependencies:
    "@types/body-parser": "npm:*"
    "@types/express-serve-static-core": "npm:^4.17.33"
    "@types/qs": "npm:*"
    "@types/serve-static": "npm:*"
  checksum: 10c0/60490cd4f73085007247e7d4fafad0a7abdafa34fa3caba2757512564ca5e094ece7459f0f324030a63d513f967bb86579a8682af76ae2fd718e889b0a2a4fe8
  languageName: node
  linkType: hard

"@types/http-errors@npm:*":
  version: 2.0.5
  resolution: "@types/http-errors@npm:2.0.5"
  checksum: 10c0/00f8140fbc504f47356512bd88e1910c2f07e04233d99c88c854b3600ce0523c8cd0ba7d1897667243282eb44c59abb9245959e2428b9de004f93937f52f7c15
  languageName: node
  linkType: hard

"@types/interpret@npm:^1.1.3":
  version: 1.1.3
  resolution: "@types/interpret@npm:1.1.3"
  dependencies:
    "@types/node": "npm:*"
  checksum: 10c0/49a435e05fd175f340af577995a93cfd18d37d862fb9fc48fa238fce2906b14b08e7e00c7df30721bd05115e0881061408e02a3e376d2284119f0c09090e3cd2
  languageName: node
  linkType: hard

"@types/mime@npm:^1":
  version: 1.3.5
  resolution: "@types/mime@npm:1.3.5"
  checksum: 10c0/c2ee31cd9b993804df33a694d5aa3fa536511a49f2e06eeab0b484fef59b4483777dbb9e42a4198a0809ffbf698081fdbca1e5c2218b82b91603dfab10a10fbc
  languageName: node
  linkType: hard

"@types/node@npm:*":
  version: 24.3.0
  resolution: "@types/node@npm:24.3.0"
  dependencies:
    undici-types: "npm:~7.10.0"
  checksum: 10c0/96bdeca01f690338957c2dcc92cb9f76c262c10398f8d91860865464412b0f9d309c24d9b03d0bdd26dd47fa7ee3f8227893d5c89bc2009d919a525a22512030
  languageName: node
  linkType: hard

"@types/node@npm:^22.16.3":
  version: 22.18.0
  resolution: "@types/node@npm:22.18.0"
  dependencies:
    undici-types: "npm:~6.21.0"
  checksum: 10c0/02cce4493eee8408e66e76fcad164f33c0600ed0854ad08e5519a76a06402da5b589b278cf71bc975c9e014f2668bdf758bc3be7fed63bdbfd0900495372797c
  languageName: node
  linkType: hard

"@types/pg@npm:^8.15.4":
  version: 8.15.5
  resolution: "@types/pg@npm:8.15.5"
  dependencies:
    "@types/node": "npm:*"
    pg-protocol: "npm:*"
    pg-types: "npm:^2.2.0"
  checksum: 10c0/19a3cc1811918753f8c827733648c3a85c7b0355bf207c44eb1a3b79b2e6a0d85cb5457ec550d860fc9be7e88c7587a3600958ec8c61fa1ad573061c63af93f0
  languageName: node
  linkType: hard

"@types/pluralize@npm:^0.0.30":
  version: 0.0.30
  resolution: "@types/pluralize@npm:0.0.30"
  checksum: 10c0/6d01d329240005a3958e7c57d17495e4816cb89ae80d3c1f4e41d8a97bd1c846a47fe06c3e5d361ddcc4992a18c005ab8acd1598096b7a7cabde704489da908d
  languageName: node
  linkType: hard

"@types/qs@npm:*":
  version: 6.14.0
  resolution: "@types/qs@npm:6.14.0"
  checksum: 10c0/5b3036df6e507483869cdb3858201b2e0b64b4793dc4974f188caa5b5732f2333ab9db45c08157975054d3b070788b35088b4bc60257ae263885016ee2131310
  languageName: node
  linkType: hard

"@types/range-parser@npm:*":
  version: 1.2.7
  resolution: "@types/range-parser@npm:1.2.7"
  checksum: 10c0/361bb3e964ec5133fa40644a0b942279ed5df1949f21321d77de79f48b728d39253e5ce0408c9c17e4e0fd95ca7899da36841686393b9f7a1e209916e9381a3c
  languageName: node
  linkType: hard

"@types/semver@npm:^7.7.0":
  version: 7.7.0
  resolution: "@types/semver@npm:7.7.0"
  checksum: 10c0/6b5f65f647474338abbd6ee91a6bbab434662ddb8fe39464edcbcfc96484d388baad9eb506dff217b6fc1727a88894930eb1f308617161ac0f376fe06be4e1ee
  languageName: node
  linkType: hard

"@types/send@npm:*":
  version: 0.17.5
  resolution: "@types/send@npm:0.17.5"
  dependencies:
    "@types/mime": "npm:^1"
    "@types/node": "npm:*"
  checksum: 10c0/a86c9b89bb0976ff58c1cdd56360ea98528f4dbb18a5c2287bb8af04815513a576a42b4e0e1e7c4d14f7d6ea54733f6ef935ebff8c65e86d9c222881a71e1f15
  languageName: node
  linkType: hard

"@types/serve-static@npm:*":
  version: 1.15.8
  resolution: "@types/serve-static@npm:1.15.8"
  dependencies:
    "@types/http-errors": "npm:*"
    "@types/node": "npm:*"
    "@types/send": "npm:*"
  checksum: 10c0/8ad86a25b87da5276cb1008c43c74667ff7583904d46d5fcaf0355887869d859d453d7dc4f890788ae04705c23720e9b6b6f3215e2d1d2a4278bbd090a9268dd
  languageName: node
  linkType: hard

"ansi-regex@npm:^5.0.1":
  version: 5.0.1
  resolution: "ansi-regex@npm:5.0.1"
  checksum: 10c0/9a64bb8627b434ba9327b60c027742e5d17ac69277960d041898596271d992d4d52ba7267a63ca10232e29f6107fc8a835f6ce8d719b88c5f8493f8254813737
  languageName: node
  linkType: hard

"ansi-styles@npm:^4.0.0, ansi-styles@npm:^4.1.0":
  version: 4.3.0
  resolution: "ansi-styles@npm:4.3.0"
  dependencies:
    color-convert: "npm:^2.0.1"
  checksum: 10c0/895a23929da416f2bd3de7e9cb4eabd340949328ab85ddd6e484a637d8f6820d485f53933446f5291c3b760cbc488beb8e88573dd0f9c7daf83dccc8fe81b041
  languageName: node
  linkType: hard

"buffer-equal-constant-time@npm:^1.0.1":
  version: 1.0.1
  resolution: "buffer-equal-constant-time@npm:1.0.1"
  checksum: 10c0/fb2294e64d23c573d0dd1f1e7a466c3e978fe94a4e0f8183937912ca374619773bef8e2aceb854129d2efecbbc515bbd0cc78d2734a3e3031edb0888531bbc8e
  languageName: node
  linkType: hard

"chalk@npm:^4.1.2":
  version: 4.1.2
  resolution: "chalk@npm:4.1.2"
  dependencies:
    ansi-styles: "npm:^4.1.0"
    supports-color: "npm:^7.1.0"
  checksum: 10c0/4a3fef5cc34975c898ffe77141450f679721df9dde00f6c304353fa9c8b571929123b26a0e4617bde5018977eb655b31970c297b91b63ee83bb82aeb04666880
  languageName: node
  linkType: hard

"cliui@npm:^8.0.1":
  version: 8.0.1
  resolution: "cliui@npm:8.0.1"
  dependencies:
    string-width: "npm:^4.2.0"
    strip-ansi: "npm:^6.0.1"
    wrap-ansi: "npm:^7.0.0"
  checksum: 10c0/4bda0f09c340cbb6dfdc1ed508b3ca080f12992c18d68c6be4d9cf51756033d5266e61ec57529e610dacbf4da1c634423b0c1b11037709cc6b09045cbd815df5
  languageName: node
  linkType: hard

"color-convert@npm:^2.0.1":
  version: 2.0.1
  resolution: "color-convert@npm:2.0.1"
  dependencies:
    color-name: "npm:~1.1.4"
  checksum: 10c0/37e1150172f2e311fe1b2df62c6293a342ee7380da7b9cfdba67ea539909afbd74da27033208d01d6d5cfc65ee7868a22e18d7e7648e004425441c0f8a15a7d7
  languageName: node
  linkType: hard

"color-name@npm:~1.1.4":
  version: 1.1.4
  resolution: "color-name@npm:1.1.4"
  checksum: 10c0/a1a3f914156960902f46f7f56bc62effc6c94e84b2cae157a526b1c1f74b677a47ec602bf68a61abfa2b42d15b7c5651c6dbe72a43af720bc588dff885b10f95
  languageName: node
  linkType: hard

"debug@npm:^4.4.1":
  version: 4.4.1
  resolution: "debug@npm:4.4.1"
  dependencies:
    ms: "npm:^2.1.3"
  peerDependenciesMeta:
    supports-color:
      optional: true
  checksum: 10c0/d2b44bc1afd912b49bb7ebb0d50a860dc93a4dd7d946e8de94abc957bb63726b7dd5aa48c18c2386c379ec024c46692e15ed3ed97d481729f929201e671fcd55
  languageName: node
  linkType: hard

"ecdsa-sig-formatter@npm:1.0.11":
  version: 1.0.11
  resolution: "ecdsa-sig-formatter@npm:1.0.11"
  dependencies:
    safe-buffer: "npm:^5.0.1"
  checksum: 10c0/ebfbf19d4b8be938f4dd4a83b8788385da353d63307ede301a9252f9f7f88672e76f2191618fd8edfc2f24679236064176fab0b78131b161ee73daa37125408c
  languageName: node
  linkType: hard

"emoji-regex@npm:^8.0.0":
  version: 8.0.0
  resolution: "emoji-regex@npm:8.0.0"
  checksum: 10c0/b6053ad39951c4cf338f9092d7bfba448cdfd46fe6a2a034700b149ac9ffbc137e361cbd3c442297f86bed2e5f7576c1b54cc0a6bf8ef5106cc62f496af35010
  languageName: node
  linkType: hard

"escalade@npm:^3.1.1":
  version: 3.2.0
  resolution: "escalade@npm:3.2.0"
  checksum: 10c0/ced4dd3a78e15897ed3be74e635110bbf3b08877b0a41be50dcb325ee0e0b5f65fc2d50e9845194d7c4633f327e2e1c6cce00a71b617c5673df0374201d67f65
  languageName: node
  linkType: hard

"eventemitter3@npm:^4.0.0":
  version: 4.0.7
  resolution: "eventemitter3@npm:4.0.7"
  checksum: 10c0/5f6d97cbcbac47be798e6355e3a7639a84ee1f7d9b199a07017f1d2f1e2fe236004d14fa5dfaeba661f94ea57805385e326236a6debbc7145c8877fbc0297c6b
  languageName: node
  linkType: hard

"eventemitter3@npm:^5.0.1":
  version: 5.0.1
  resolution: "eventemitter3@npm:5.0.1"
  checksum: 10c0/4ba5c00c506e6c786b4d6262cfbce90ddc14c10d4667e5c83ae993c9de88aa856033994dd2b35b83e8dc1170e224e66a319fa80adc4c32adcd2379bbc75da814
  languageName: node
  linkType: hard

"follow-redirects@npm:^1.0.0":
  version: 1.15.11
  resolution: "follow-redirects@npm:1.15.11"
  peerDependenciesMeta:
    debug:
      optional: true
  checksum: 10c0/d301f430542520a54058d4aeeb453233c564aaccac835d29d15e050beb33f339ad67d9bddbce01739c5dc46a6716dbe3d9d0d5134b1ca203effa11a7ef092343
  languageName: node
  linkType: hard

"get-caller-file@npm:^2.0.5":
  version: 2.0.5
  resolution: "get-caller-file@npm:2.0.5"
  checksum: 10c0/c6c7b60271931fa752aeb92f2b47e355eac1af3a2673f47c9589e8f8a41adc74d45551c1bc57b5e66a80609f10ffb72b6f575e4370d61cc3f7f3aaff01757cde
  languageName: node
  linkType: hard

"grafast@npm:^0.1.1-beta.27":
  version: 0.1.1-beta.27
  resolution: "grafast@npm:0.1.1-beta.27"
  dependencies:
    "@graphile/lru": "npm:^5.0.0-beta.4"
    chalk: "npm:^4.1.2"
    debug: "npm:^4.4.1"
    eventemitter3: "npm:^5.0.1"
    graphile-config: "npm:^0.0.1-beta.18"
    graphql: "npm:^16.9.0"
    iterall: "npm:^1.3.0"
    tslib: "npm:^2.8.1"
  peerDependencies:
    "@envelop/core": ^5.0.0
    graphql: ^16.9.0
  peerDependenciesMeta:
    "@envelop/core":
      optional: true
  checksum: 10c0/4d16a119cdee559eef05dda085c463859dc02b97c645c6a4d02ba0a578d9b0648fda3c435217a2d6f1caa9c8de5886920544f6a97e1cb43036260d3235dba909
  languageName: node
  linkType: hard

"grafserv@npm:^0.1.1-beta.29":
  version: 0.1.1-beta.29
  resolution: "grafserv@npm:0.1.1-beta.29"
  dependencies:
    "@graphile/lru": "npm:^5.0.0-beta.4"
    debug: "npm:^4.4.1"
    eventemitter3: "npm:^5.0.1"
    graphile-config: "npm:^0.0.1-beta.18"
    graphql-ws: "npm:^6.0.5"
    ruru: "npm:^2.0.0-beta.31"
    tslib: "npm:^2.8.1"
  peerDependencies:
    "@envelop/core": ^5.0.0
    "@whatwg-node/server": ^0.9.64
    grafast: ^0.1.1-beta.27
    graphile-config: ^0.0.1-beta.18
    graphql: ^16.9.0
    h3: ^1.13.0
    hono: ^4.6.15
    ws: ^8.12.1
  peerDependenciesMeta:
    "@envelop/core":
      optional: true
    "@whatwg-node/server":
      optional: true
    h3:
      optional: true
    hono:
      optional: true
    ws:
      optional: true
  checksum: 10c0/84f65bf2abcbe28819fe794b898994b9ee13cc18ac286ddb7ce00504885ed1bf3257d1a5cec6781f9d7b1d89c1058c031af28c4a148e81f28f8839a8d0497260
  languageName: node
  linkType: hard

"graphile-build-pg@npm:^5.0.0-beta.47":
  version: 5.0.0-beta.47
  resolution: "graphile-build-pg@npm:5.0.0-beta.47"
  dependencies:
    "@types/node": "npm:^22.16.3"
    debug: "npm:^4.4.1"
    graphile-config: "npm:^0.0.1-beta.18"
    jsonwebtoken: "npm:^9.0.2"
    pg-introspection: "npm:^0.0.1-beta.13"
    pg-sql2: "npm:^5.0.0-beta.9"
    tslib: "npm:^2.8.1"
  peerDependencies:
    "@dataplan/pg": ^0.0.1-beta.39
    grafast: ^0.1.1-beta.27
    graphile-build: ^5.0.0-beta.39
    graphile-config: ^0.0.1-beta.18
    graphql: ^16.9.0
    pg: ^8.7.1
    pg-sql2: ^5.0.0-beta.9
    tamedevil: ^0.0.0-beta.9
  peerDependenciesMeta:
    pg:
      optional: true
  checksum: 10c0/d5c296edb9ec35aae86b10a1c23deb6b18e011678b45a4789e360b3eca035dbb15074ae07601b382f7d8b4427c589cf0172318e4b36bee30cb70c1af7b227426
  languageName: node
  linkType: hard

"graphile-build@npm:^5.0.0-beta.39":
  version: 5.0.0-beta.39
  resolution: "graphile-build@npm:5.0.0-beta.39"
  dependencies:
    "@types/node": "npm:^22.16.3"
    "@types/pluralize": "npm:^0.0.30"
    "@types/semver": "npm:^7.7.0"
    chalk: "npm:^4.1.2"
    debug: "npm:^4.4.1"
    graphile-config: "npm:^0.0.1-beta.18"
    graphql: "npm:^16.9.0"
    lodash: "npm:^4.17.21"
    pluralize: "npm:^7.0.0"
    semver: "npm:^7.7.2"
    tamedevil: "npm:^0.0.0-beta.9"
    tslib: "npm:^2.8.1"
  peerDependencies:
    grafast: ^0.1.1-beta.27
    graphile-config: ^0.0.1-beta.18
    graphql: ^16.9.0
  checksum: 10c0/8d7ae99d6cb961c489c81d539fe05368623fff74fd704cd20220d3ba99308ce782b6b975fed1b71bb76cc9519a380e245290e051d775d79b16a79d4fa2ccfb6e
  languageName: node
  linkType: hard

"graphile-config@npm:^0.0.1-beta.18":
  version: 0.0.1-beta.18
  resolution: "graphile-config@npm:0.0.1-beta.18"
  dependencies:
    "@types/interpret": "npm:^1.1.3"
    "@types/node": "npm:^22.16.3"
    "@types/semver": "npm:^7.7.0"
    chalk: "npm:^4.1.2"
    debug: "npm:^4.4.1"
    interpret: "npm:^3.1.1"
    semver: "npm:^7.7.2"
    tslib: "npm:^2.8.1"
    yargs: "npm:^17.7.2"
  checksum: 10c0/73e0c9914af4290160b94e9f10ad7b0e9fd31bf643ba63c8f9b2c586695d92d969c1891823a777ae3e606248326c8103a377b1318abb22d30f66c5b96cc08aca
  languageName: node
  linkType: hard

"graphile-utils@npm:^5.0.0-beta.45":
  version: 5.0.0-beta.45
  resolution: "graphile-utils@npm:5.0.0-beta.45"
  dependencies:
    debug: "npm:^4.4.1"
    json5: "npm:^2.2.3"
    tslib: "npm:^2.8.1"
  peerDependencies:
    "@dataplan/pg": ^0.0.1-beta.39
    grafast: ^0.1.1-beta.27
    graphile-build: ^5.0.0-beta.39
    graphile-build-pg: ^5.0.0-beta.47
    graphile-config: ^0.0.1-beta.18
    graphql: ^16.9.0
    tamedevil: ^0.0.0-beta.9
  peerDependenciesMeta:
    graphile-build-pg:
      optional: true
  checksum: 10c0/d92afed6a62920005a3e8f7c005183b6d71669c234a0c09b22d506a930f09e1e3e5abdf912de2b857cd20d30d764fc8cb958f6d4c10abca7616de47c5af24155
  languageName: node
  linkType: hard

"graphql-ws@npm:^6.0.5":
  version: 6.0.6
  resolution: "graphql-ws@npm:6.0.6"
  peerDependencies:
    "@fastify/websocket": ^10 || ^11
    crossws: ~0.3
    graphql: ^15.10.1 || ^16
    uWebSockets.js: ^20
    ws: ^8
  peerDependenciesMeta:
    "@fastify/websocket":
      optional: true
    crossws:
      optional: true
    uWebSockets.js:
      optional: true
    ws:
      optional: true
  checksum: 10c0/4d1f18245fd2c56670156d910bc45a6fd456291b6e9b96d98e3d7fd464e1b406cfb4e68b4aafeb875c366d63d8f204b488b57729d622cd8d97e0387d0cd38dcf
  languageName: node
  linkType: hard

"graphql@npm:^16.9.0":
  version: 16.11.0
  resolution: "graphql@npm:16.11.0"
  checksum: 10c0/124da7860a2292e9acf2fed0c71fc0f6a9b9ca865d390d112bdd563c1f474357141501c12891f4164fe984315764736ad67f705219c62f7580681d431a85db88
  languageName: node
  linkType: hard

"has-flag@npm:^4.0.0":
  version: 4.0.0
  resolution: "has-flag@npm:4.0.0"
  checksum: 10c0/2e789c61b7888d66993e14e8331449e525ef42aac53c627cc53d1c3334e768bcb6abdc4f5f0de1478a25beec6f0bd62c7549058b7ac53e924040d4f301f02fd1
  languageName: node
  linkType: hard

"http-proxy@npm:^1.18.1":
  version: 1.18.1
  resolution: "http-proxy@npm:1.18.1"
  dependencies:
    eventemitter3: "npm:^4.0.0"
    follow-redirects: "npm:^1.0.0"
    requires-port: "npm:^1.0.0"
  checksum: 10c0/148dfa700a03fb421e383aaaf88ac1d94521dfc34072f6c59770528c65250983c2e4ec996f2f03aa9f3fe46cd1270a593126068319311e3e8d9e610a37533e94
  languageName: node
  linkType: hard

"interpret@npm:^3.1.1":
  version: 3.1.1
  resolution: "interpret@npm:3.1.1"
  checksum: 10c0/6f3c4d0aa6ec1b43a8862375588a249e3c917739895cbe67fe12f0a76260ea632af51e8e2431b50fbcd0145356dc28ca147be08dbe6a523739fd55c0f91dc2a5
  languageName: node
  linkType: hard

"is-fullwidth-code-point@npm:^3.0.0":
  version: 3.0.0
  resolution: "is-fullwidth-code-point@npm:3.0.0"
  checksum: 10c0/bb11d825e049f38e04c06373a8d72782eee0205bda9d908cc550ccb3c59b99d750ff9537982e01733c1c94a58e35400661f57042158ff5e8f3e90cf936daf0fc
  languageName: node
  linkType: hard

"iterall@npm:^1.3.0":
  version: 1.3.0
  resolution: "iterall@npm:1.3.0"
  checksum: 10c0/40de624e5fe937c4c0e511981b91caea9ff2142bfc0316cccc8506eaa03aa253820cc17c5bc5f0a98706c7268a373e5ebee9af9a0c8a359730cf7c05938b57b5
  languageName: node
  linkType: hard

"json5@npm:^2.2.3":
  version: 2.2.3
  resolution: "json5@npm:2.2.3"
  bin:
    json5: lib/cli.js
  checksum: 10c0/5a04eed94810fa55c5ea138b2f7a5c12b97c3750bc63d11e511dcecbfef758003861522a070c2272764ee0f4e3e323862f386945aeb5b85b87ee43f084ba586c
  languageName: node
  linkType: hard

"jsonwebtoken@npm:^9.0.2":
  version: 9.0.2
  resolution: "jsonwebtoken@npm:9.0.2"
  dependencies:
    jws: "npm:^3.2.2"
    lodash.includes: "npm:^4.3.0"
    lodash.isboolean: "npm:^3.0.3"
    lodash.isinteger: "npm:^4.0.4"
    lodash.isnumber: "npm:^3.0.3"
    lodash.isplainobject: "npm:^4.0.6"
    lodash.isstring: "npm:^4.0.1"
    lodash.once: "npm:^4.0.0"
    ms: "npm:^2.1.1"
    semver: "npm:^7.5.4"
  checksum: 10c0/d287a29814895e866db2e5a0209ce730cbc158441a0e5a70d5e940eb0d28ab7498c6bf45029cc8b479639bca94056e9a7f254e2cdb92a2f5750c7f358657a131
  languageName: node
  linkType: hard

"jwa@npm:^1.4.1":
  version: 1.4.2
  resolution: "jwa@npm:1.4.2"
  dependencies:
    buffer-equal-constant-time: "npm:^1.0.1"
    ecdsa-sig-formatter: "npm:1.0.11"
    safe-buffer: "npm:^5.0.1"
  checksum: 10c0/210a544a42ca22203e8fc538835205155ba3af6a027753109f9258bdead33086bac3c25295af48ac1981f87f9c5f941bc8f70303670f54ea7dcaafb53993d92c
  languageName: node
  linkType: hard

"jws@npm:^3.2.2":
  version: 3.2.2
  resolution: "jws@npm:3.2.2"
  dependencies:
    jwa: "npm:^1.4.1"
    safe-buffer: "npm:^5.0.1"
  checksum: 10c0/e770704533d92df358adad7d1261fdecad4d7b66fa153ba80d047e03ca0f1f73007ce5ed3fbc04d2eba09ba6e7e6e645f351e08e5ab51614df1b0aa4f384dfff
  languageName: node
  linkType: hard

"lodash.includes@npm:^4.3.0":
  version: 4.3.0
  resolution: "lodash.includes@npm:4.3.0"
  checksum: 10c0/7ca498b9b75bf602d04e48c0adb842dfc7d90f77bcb2a91a2b2be34a723ad24bc1c8b3683ec6b2552a90f216c723cdea530ddb11a3320e08fa38265703978f4b
  languageName: node
  linkType: hard

"lodash.isboolean@npm:^3.0.3":
  version: 3.0.3
  resolution: "lodash.isboolean@npm:3.0.3"
  checksum: 10c0/0aac604c1ef7e72f9a6b798e5b676606042401dd58e49f051df3cc1e3adb497b3d7695635a5cbec4ae5f66456b951fdabe7d6b387055f13267cde521f10ec7f7
  languageName: node
  linkType: hard

"lodash.isinteger@npm:^4.0.4":
  version: 4.0.4
  resolution: "lodash.isinteger@npm:4.0.4"
  checksum: 10c0/4c3e023a2373bf65bf366d3b8605b97ec830bca702a926939bcaa53f8e02789b6a176e7f166b082f9365bfec4121bfeb52e86e9040cb8d450e64c858583f61b7
  languageName: node
  linkType: hard

"lodash.isnumber@npm:^3.0.3":
  version: 3.0.3
  resolution: "lodash.isnumber@npm:3.0.3"
  checksum: 10c0/2d01530513a1ee4f72dd79528444db4e6360588adcb0e2ff663db2b3f642d4bb3d687051ae1115751ca9082db4fdef675160071226ca6bbf5f0c123dbf0aa12d
  languageName: node
  linkType: hard

"lodash.isplainobject@npm:^4.0.6":
  version: 4.0.6
  resolution: "lodash.isplainobject@npm:4.0.6"
  checksum: 10c0/afd70b5c450d1e09f32a737bed06ff85b873ecd3d3d3400458725283e3f2e0bb6bf48e67dbe7a309eb371a822b16a26cca4a63c8c52db3fc7dc9d5f9dd324cbb
  languageName: node
  linkType: hard

"lodash.isstring@npm:^4.0.1":
  version: 4.0.1
  resolution: "lodash.isstring@npm:4.0.1"
  checksum: 10c0/09eaf980a283f9eef58ef95b30ec7fee61df4d6bf4aba3b5f096869cc58f24c9da17900febc8ffd67819b4e29de29793190e88dc96983db92d84c95fa85d1c92
  languageName: node
  linkType: hard

"lodash.once@npm:^4.0.0":
  version: 4.1.1
  resolution: "lodash.once@npm:4.1.1"
  checksum: 10c0/46a9a0a66c45dd812fcc016e46605d85ad599fe87d71a02f6736220554b52ffbe82e79a483ad40f52a8a95755b0d1077fba259da8bfb6694a7abbf4a48f1fc04
  languageName: node
  linkType: hard

"lodash@npm:^4.17.21":
  version: 4.17.21
  resolution: "lodash@npm:4.17.21"
  checksum: 10c0/d8cbea072bb08655bb4c989da418994b073a608dffa608b09ac04b43a791b12aeae7cd7ad919aa4c925f33b48490b5cfe6c1f71d827956071dae2e7bb3a6b74c
  languageName: node
  linkType: hard

"ms@npm:^2.1.1, ms@npm:^2.1.3":
  version: 2.1.3
  resolution: "ms@npm:2.1.3"
  checksum: 10c0/d924b57e7312b3b63ad21fc5b3dc0af5e78d61a1fc7cfb5457edaf26326bf62be5307cc87ffb6862ef1c2b33b0233cdb5d4f01c4c958cc0d660948b65a287a48
  languageName: node
  linkType: hard

"pg-cloudflare@npm:^1.2.7":
  version: 1.2.7
  resolution: "pg-cloudflare@npm:1.2.7"
  checksum: 10c0/8a52713dbdecc9d389dc4e65e3b7ede2e199ec3715f7491ee80a15db171f2d75677a102e9c2cef0cb91a2f310e91f976eaec0dd6ef5d8bf357de0b948f9d9431
  languageName: node
  linkType: hard

"pg-connection-string@npm:^2.9.1":
  version: 2.9.1
  resolution: "pg-connection-string@npm:2.9.1"
  checksum: 10c0/9a646529bbc0843806fc5de98ce93735a4612b571f11867178a85665d11989a827e6fd157388ca0e34ec948098564fce836c178cfd499b9f0e8cd9972b8e2e5c
  languageName: node
  linkType: hard

"pg-int8@npm:1.0.1":
  version: 1.0.1
  resolution: "pg-int8@npm:1.0.1"
  checksum: 10c0/be6a02d851fc2a4ae3e9de81710d861de3ba35ac927268973eb3cb618873a05b9424656df464dd43bd7dc3fc5295c3f5b3c8349494f87c7af50ec59ef14e0b98
  languageName: node
  linkType: hard

"pg-introspection@npm:^0.0.1-beta.13":
  version: 0.0.1-beta.13
  resolution: "pg-introspection@npm:0.0.1-beta.13"
  dependencies:
    tslib: "npm:^2.8.1"
  checksum: 10c0/4797b48e267b066b0ef3b71e01a60900fde4222f723c6a553b429ab39943bf92b9cbfa48ae1322689cd994d09a907b83540a39eb3b974b80b007561b7292bfbd
  languageName: node
  linkType: hard

"pg-pool@npm:^3.10.1":
  version: 3.10.1
  resolution: "pg-pool@npm:3.10.1"
  peerDependencies:
    pg: ">=8.0"
  checksum: 10c0/a00916b7df64226cc597fe769e3a757ff9b11562dc87ce5b0a54101a18c1fe282daaa2accaf27221e81e1e4cdf4da6a33dab09614734d32904d6c4e11c44a079
  languageName: node
  linkType: hard

"pg-protocol@npm:*, pg-protocol@npm:^1.10.3":
  version: 1.10.3
  resolution: "pg-protocol@npm:1.10.3"
  checksum: 10c0/f7ef54708c93ee6d271e37678296fc5097e4337fca91a88a3d99359b78633dbdbf6e983f0adb34b7cdd261b7ec7266deb20c3233bf3dfdb498b3e1098e8750b9
  languageName: node
  linkType: hard

"pg-sql2@npm:^5.0.0-beta.9":
  version: 5.0.0-beta.9
  resolution: "pg-sql2@npm:5.0.0-beta.9"
  dependencies:
    "@graphile/lru": "npm:^5.0.0-beta.4"
    tslib: "npm:^2.8.1"
  checksum: 10c0/875d327b7b877fbfd47b543d281ec2832e68ec593acc4f2b2d93397c7665f538ab5c939ac1ef17ebeff9973c800c7e69638ef740ca219e72a37307dd3ba6c864
  languageName: node
  linkType: hard

"pg-types@npm:2.2.0, pg-types@npm:^2.2.0":
  version: 2.2.0
  resolution: "pg-types@npm:2.2.0"
  dependencies:
    pg-int8: "npm:1.0.1"
    postgres-array: "npm:~2.0.0"
    postgres-bytea: "npm:~1.0.0"
    postgres-date: "npm:~1.0.4"
    postgres-interval: "npm:^1.1.0"
  checksum: 10c0/ab3f8069a323f601cd2d2279ca8c425447dab3f9b61d933b0601d7ffc00d6200df25e26a4290b2b0783b59278198f7dd2ed03e94c4875797919605116a577c65
  languageName: node
  linkType: hard

"pg@npm:^8.16.3":
  version: 8.16.3
  resolution: "pg@npm:8.16.3"
  dependencies:
    pg-cloudflare: "npm:^1.2.7"
    pg-connection-string: "npm:^2.9.1"
    pg-pool: "npm:^3.10.1"
    pg-protocol: "npm:^1.10.3"
    pg-types: "npm:2.2.0"
    pgpass: "npm:1.0.5"
  peerDependencies:
    pg-native: ">=3.0.1"
  dependenciesMeta:
    pg-cloudflare:
      optional: true
  peerDependenciesMeta:
    pg-native:
      optional: true
  checksum: 10c0/a6a407ff0efb7599760d72ffdcda47a74c34c0fd71d896623caac45cf2cfb0f49a10973cce23110f182b9810639a1e9f6904454d7358c7001574ee0ffdcbce2a
  languageName: node
  linkType: hard

"pgpass@npm:1.0.5":
  version: 1.0.5
  resolution: "pgpass@npm:1.0.5"
  dependencies:
    split2: "npm:^4.1.0"
  checksum: 10c0/5ea6c9b2de04c33abb08d33a2dded303c4a3c7162a9264519cbe85c0a9857d712463140ba42fad0c7cd4b21f644dd870b45bb2e02fcbe505b4de0744fd802c1d
  languageName: node
  linkType: hard

"pluralize@npm:^7.0.0":
  version: 7.0.0
  resolution: "pluralize@npm:7.0.0"
  checksum: 10c0/b44fd8e4bc487534b804bb8490bc9982bd229997af6e9cc0f51c8205e11c1f31013e8eba3f9b0864fa9f3c0534e06935db46f71f612d1a9633253a14add948e6
  languageName: node
  linkType: hard

"postgraphile-plugin-connection-filter@npm:3.0.0-beta.8":
  version: 3.0.0-beta.8
  resolution: "postgraphile-plugin-connection-filter@npm:3.0.0-beta.8"
  dependencies:
    "@tsconfig/node20": "npm:^20.1.4"
    tslib: "npm:^2.5.0"
  checksum: 10c0/9f6b83505fb9cf8f0febbe8d289e67be0003abe16cf8c842c83dc1bf758d23bab99baaadb43162768692b8170594d72e8eca8f6cde5918fe8e37e0bc71157bbd
  languageName: node
  linkType: hard

"postgraphile@npm:5.0.0-beta.49":
  version: 5.0.0-beta.49
  resolution: "postgraphile@npm:5.0.0-beta.49"
  dependencies:
    "@dataplan/json": "npm:^0.0.1-beta.33"
    "@dataplan/pg": "npm:^0.0.1-beta.39"
    "@graphile/lru": "npm:^5.0.0-beta.4"
    "@types/node": "npm:^22.16.3"
    "@types/pg": "npm:^8.15.4"
    debug: "npm:^4.4.1"
    grafast: "npm:^0.1.1-beta.27"
    grafserv: "npm:^0.1.1-beta.29"
    graphile-build: "npm:^5.0.0-beta.39"
    graphile-build-pg: "npm:^5.0.0-beta.47"
    graphile-config: "npm:^0.0.1-beta.18"
    graphile-utils: "npm:^5.0.0-beta.45"
    graphql: "npm:^16.9.0"
    iterall: "npm:^1.3.0"
    jsonwebtoken: "npm:^9.0.2"
    pg: "npm:^8.16.3"
    pg-sql2: "npm:^5.0.0-beta.9"
    tamedevil: "npm:^0.0.0-beta.9"
    tslib: "npm:^2.8.1"
    ws: "npm:^8.18.3"
  peerDependencies:
    "@dataplan/json": ^0.0.1-beta.33
    "@dataplan/pg": ^0.0.1-beta.39
    "@envelop/core": ^5.0.0
    grafast: ^0.1.1-beta.27
    grafserv: ^0.1.1-beta.29
    graphile-build: ^5.0.0-beta.39
    graphile-build-pg: ^5.0.0-beta.47
    graphile-config: ^0.0.1-beta.18
    graphql: ^16.9.0
    pg: ^8.7.1
    pg-sql2: ^5.0.0-beta.9
    tamedevil: ^0.0.0-beta.9
  peerDependenciesMeta:
    "@envelop/core":
      optional: true
  bin:
    postgraphile: dist/cli-run.js
  checksum: 10c0/da7acb86defa5f5cb4a8a84956d90dfb8a8711bbd86e859fea24432ba8bfb7422af4f8181e25bb7434bbddb45599ddf9934ec2d4129217076e1260d30f796e21
  languageName: node
  linkType: hard

"postgres-array@npm:~2.0.0":
  version: 2.0.0
  resolution: "postgres-array@npm:2.0.0"
  checksum: 10c0/cbd56207e4141d7fbf08c86f2aebf21fa7064943d3f808ec85f442ff94b48d891e7a144cc02665fb2de5dbcb9b8e3183a2ac749959e794b4a4cfd379d7a21d08
  languageName: node
  linkType: hard

"postgres-array@npm:~3.0.4":
  version: 3.0.4
  resolution: "postgres-array@npm:3.0.4"
  checksum: 10c0/47f3e648da512bacdd6a5ed55cf770605ec271330789faeece0fd13805a49f376d6e5c9e0e353377be11a9545e727dceaa2473566c505432bf06366ccd04c6b2
  languageName: node
  linkType: hard

"postgres-bytea@npm:~1.0.0":
  version: 1.0.0
  resolution: "postgres-bytea@npm:1.0.0"
  checksum: 10c0/febf2364b8a8953695cac159eeb94542ead5886792a9627b97e33f6b5bb6e263bc0706ab47ec221516e79fbd6b2452d668841830fb3b49ec6c0fc29be61892ce
  languageName: node
  linkType: hard

"postgres-date@npm:~1.0.4":
  version: 1.0.7
  resolution: "postgres-date@npm:1.0.7"
  checksum: 10c0/0ff91fccc64003e10b767fcfeefb5eaffbc522c93aa65d5051c49b3c4ce6cb93ab091a7d22877a90ad60b8874202c6f1d0f935f38a7235ed3b258efd54b97ca9
  languageName: node
  linkType: hard

"postgres-interval@npm:^1.1.0":
  version: 1.2.0
  resolution: "postgres-interval@npm:1.2.0"
  dependencies:
    xtend: "npm:^4.0.0"
  checksum: 10c0/c1734c3cb79e7f22579af0b268a463b1fa1d084e742a02a7a290c4f041e349456f3bee3b4ee0bb3f226828597f7b76deb615c1b857db9a742c45520100456272
  languageName: node
  linkType: hard

"postgres-range@npm:^1.1.4":
  version: 1.1.4
  resolution: "postgres-range@npm:1.1.4"
  checksum: 10c0/254494ef81df208e0adeae6b66ce394aba37914ea14c7ece55a45fb6691b7db04bee74c825380a47c887a9f87158fd3d86f758f9cc60b76d3a38ce5aca7912e8
  languageName: node
  linkType: hard

"prettier@npm:^2.8.2":
  version: 2.8.8
  resolution: "prettier@npm:2.8.8"
  bin:
    prettier: bin-prettier.js
  checksum: 10c0/463ea8f9a0946cd5b828d8cf27bd8b567345cf02f56562d5ecde198b91f47a76b7ac9eae0facd247ace70e927143af6135e8cf411986b8cb8478784a4d6d724a
  languageName: node
  linkType: hard

"require-directory@npm:^2.1.1":
  version: 2.1.1
  resolution: "require-directory@npm:2.1.1"
  checksum: 10c0/83aa76a7bc1531f68d92c75a2ca2f54f1b01463cb566cf3fbc787d0de8be30c9dbc211d1d46be3497dac5785fe296f2dd11d531945ac29730643357978966e99
  languageName: node
  linkType: hard

"requires-port@npm:^1.0.0":
  version: 1.0.0
  resolution: "requires-port@npm:1.0.0"
  checksum: 10c0/b2bfdd09db16c082c4326e573a82c0771daaf7b53b9ce8ad60ea46aa6e30aaf475fe9b164800b89f93b748d2c234d8abff945d2551ba47bf5698e04cd7713267
  languageName: node
  linkType: hard

"ruru@npm:^2.0.0-beta.31":
  version: 2.0.0-beta.31
  resolution: "ruru@npm:2.0.0-beta.31"
  dependencies:
    "@emotion/is-prop-valid": "npm:^1.3.1"
    graphile-config: "npm:^0.0.1-beta.18"
    graphql: "npm:^16.9.0"
    http-proxy: "npm:^1.18.1"
    tslib: "npm:^2.8.1"
    yargs: "npm:^17.7.2"
  peerDependencies:
    graphile-config: ^0.0.1-beta.18
    graphql: ^16.9.0
  bin:
    ruru: dist/cli-run.js
  checksum: 10c0/3b02872c1a835561e365f33235e32591a23e2e8c5f48a55e6997f31a8722d1cad05f2fbff24818e3a10b025f4091f52e56615a0a4b1823fa8e6336f6e18cc9ea
  languageName: node
  linkType: hard

"safe-buffer@npm:^5.0.1":
  version: 5.2.1
  resolution: "safe-buffer@npm:5.2.1"
  checksum: 10c0/6501914237c0a86e9675d4e51d89ca3c21ffd6a31642efeba25ad65720bce6921c9e7e974e5be91a786b25aa058b5303285d3c15dbabf983a919f5f630d349f3
  languageName: node
  linkType: hard

"semver@npm:^7.5.4, semver@npm:^7.7.2":
  version: 7.7.2
  resolution: "semver@npm:7.7.2"
  bin:
    semver: bin/semver.js
  checksum: 10c0/aca305edfbf2383c22571cb7714f48cadc7ac95371b4b52362fb8eeffdfbc0de0669368b82b2b15978f8848f01d7114da65697e56cd8c37b0dab8c58e543f9ea
  languageName: node
  linkType: hard

"split2@npm:^4.1.0":
  version: 4.2.0
  resolution: "split2@npm:4.2.0"
  checksum: 10c0/b292beb8ce9215f8c642bb68be6249c5a4c7f332fc8ecadae7be5cbdf1ea95addc95f0459ef2e7ad9d45fd1064698a097e4eb211c83e772b49bc0ee423e91534
  languageName: node
  linkType: hard

"string-width@npm:^4.1.0, string-width@npm:^4.2.0, string-width@npm:^4.2.3":
  version: 4.2.3
  resolution: "string-width@npm:4.2.3"
  dependencies:
    emoji-regex: "npm:^8.0.0"
    is-fullwidth-code-point: "npm:^3.0.0"
    strip-ansi: "npm:^6.0.1"
  checksum: 10c0/1e525e92e5eae0afd7454086eed9c818ee84374bb80328fc41217ae72ff5f065ef1c9d7f72da41de40c75fa8bb3dee63d92373fd492c84260a552c636392a47b
  languageName: node
  linkType: hard

"strip-ansi@npm:^6.0.0, strip-ansi@npm:^6.0.1":
  version: 6.0.1
  resolution: "strip-ansi@npm:6.0.1"
  dependencies:
    ansi-regex: "npm:^5.0.1"
  checksum: 10c0/1ae5f212a126fe5b167707f716942490e3933085a5ff6c008ab97ab2f272c8025d3aa218b7bd6ab25729ca20cc81cddb252102f8751e13482a5199e873680952
  languageName: node
  linkType: hard

"supports-color@npm:^7.1.0":
  version: 7.2.0
  resolution: "supports-color@npm:7.2.0"
  dependencies:
    has-flag: "npm:^4.0.0"
  checksum: 10c0/afb4c88521b8b136b5f5f95160c98dee7243dc79d5432db7efc27efb219385bbc7d9427398e43dd6cc730a0f87d5085ce1652af7efbe391327bc0a7d0f7fc124
  languageName: node
  linkType: hard

"tamedevil@npm:^0.0.0-beta.9":
  version: 0.0.0-beta.9
  resolution: "tamedevil@npm:0.0.0-beta.9"
  dependencies:
    "@graphile/lru": "npm:^5.0.0-beta.4"
    tslib: "npm:^2.8.1"
  checksum: 10c0/02da7679ddbf3059114ef64e6ad37ba8fd551e8a01b639f36ef69be0da93defa69f440fc7c5cb95321b0cf3de97a199d4c80669a5c4c6f994ee5b3ca95ed7290
  languageName: node
  linkType: hard

"tslib@npm:^2.5.0, tslib@npm:^2.8.1":
  version: 2.8.1
  resolution: "tslib@npm:2.8.1"
  checksum: 10c0/9c4759110a19c53f992d9aae23aac5ced636e99887b51b9e61def52611732872ff7668757d4e4c61f19691e36f4da981cd9485e869b4a7408d689f6bf1f14e62
  languageName: node
  linkType: hard

"typescript@npm:^5.8.3":
  version: 5.9.2
  resolution: "typescript@npm:5.9.2"
  bin:
    tsc: bin/tsc
    tsserver: bin/tsserver
  checksum: 10c0/cd635d50f02d6cf98ed42de2f76289701c1ec587a363369255f01ed15aaf22be0813226bff3c53e99d971f9b540e0b3cc7583dbe05faded49b1b0bed2f638a18
  languageName: node
  linkType: hard

"typescript@patch:typescript@npm%3A^5.8.3#optional!builtin<compat/typescript>":
  version: 5.9.2
  resolution: "typescript@patch:typescript@npm%3A5.9.2#optional!builtin<compat/typescript>::version=5.9.2&hash=5786d5"
  bin:
    tsc: bin/tsc
    tsserver: bin/tsserver
  checksum: 10c0/34d2a8e23eb8e0d1875072064d5e1d9c102e0bdce56a10a25c0b917b8aa9001a9cf5c225df12497e99da107dc379360bc138163c66b55b95f5b105b50578067e
  languageName: node
  linkType: hard

"undici-types@npm:~6.21.0":
  version: 6.21.0
  resolution: "undici-types@npm:6.21.0"
  checksum: 10c0/c01ed51829b10aa72fc3ce64b747f8e74ae9b60eafa19a7b46ef624403508a54c526ffab06a14a26b3120d055e1104d7abe7c9017e83ced038ea5cf52f8d5e04
  languageName: node
  linkType: hard

"undici-types@npm:~7.10.0":
  version: 7.10.0
  resolution: "undici-types@npm:7.10.0"
  checksum: 10c0/8b00ce50e235fe3cc601307f148b5e8fb427092ee3b23e8118ec0a5d7f68eca8cee468c8fc9f15cbb2cf2a3797945ebceb1cbd9732306a1d00e0a9b6afa0f635
  languageName: node
  linkType: hard

"wrap-ansi@npm:^7.0.0":
  version: 7.0.0
  resolution: "wrap-ansi@npm:7.0.0"
  dependencies:
    ansi-styles: "npm:^4.0.0"
    string-width: "npm:^4.1.0"
    strip-ansi: "npm:^6.0.0"
  checksum: 10c0/d15fc12c11e4cbc4044a552129ebc75ee3f57aa9c1958373a4db0292d72282f54373b536103987a4a7594db1ef6a4f10acf92978f79b98c49306a4b58c77d4da
  languageName: node
  linkType: hard

"ws@npm:^8.18.3":
  version: 8.18.3
  resolution: "ws@npm:8.18.3"
  peerDependencies:
    bufferutil: ^4.0.1
    utf-8-validate: ">=5.0.2"
  peerDependenciesMeta:
    bufferutil:
      optional: true
    utf-8-validate:
      optional: true
  checksum: 10c0/eac918213de265ef7cb3d4ca348b891a51a520d839aa51cdb8ca93d4fa7ff9f6ccb339ccee89e4075324097f0a55157c89fa3f7147bde9d8d7e90335dc087b53
  languageName: node
  linkType: hard

"xtend@npm:^4.0.0":
  version: 4.0.2
  resolution: "xtend@npm:4.0.2"
  checksum: 10c0/366ae4783eec6100f8a02dff02ac907bf29f9a00b82ac0264b4d8b832ead18306797e283cf19de776538babfdcb2101375ec5646b59f08c52128ac4ab812ed0e
  languageName: node
  linkType: hard

"y18n@npm:^5.0.5":
  version: 5.0.8
  resolution: "y18n@npm:5.0.8"
  checksum: 10c0/4df2842c36e468590c3691c894bc9cdbac41f520566e76e24f59401ba7d8b4811eb1e34524d57e54bc6d864bcb66baab7ffd9ca42bf1eda596618f9162b91249
  languageName: node
  linkType: hard

"yargs-parser@npm:^21.1.1":
  version: 21.1.1
  resolution: "yargs-parser@npm:21.1.1"
  checksum: 10c0/f84b5e48169479d2f402239c59f084cfd1c3acc197a05c59b98bab067452e6b3ea46d4dd8ba2985ba7b3d32a343d77df0debd6b343e5dae3da2aab2cdf5886b2
  languageName: node
  linkType: hard

"yargs@npm:^17.7.2":
  version: 17.7.2
  resolution: "yargs@npm:17.7.2"
  dependencies:
    cliui: "npm:^8.0.1"
    escalade: "npm:^3.1.1"
    get-caller-file: "npm:^2.0.5"
    require-directory: "npm:^2.1.1"
    string-width: "npm:^4.2.3"
    y18n: "npm:^5.0.5"
    yargs-parser: "npm:^21.1.1"
  checksum: 10c0/ccd7e723e61ad5965fffbb791366db689572b80cca80e0f96aad968dfff4156cd7cd1ad18607afe1046d8241e6fb2d6c08bf7fa7bfb5eaec818735d8feac8f05
  languageName: node
  linkType: hard
